
Microsoft Visual Studio Solution File, Format Version 12.00
# Visual Studio Version 16
VisualStudioVersion = 16.0.31025.194
MinimumVisualStudioVersion = 10.0.40219.1
Project("{FAE04EC0-301F-11D3-BF4B-00C04F79EFBC}") = "ClassLibrary1", "ClassLibrary1\ClassLibrary1.csproj", "{2BC9989D-8A8A-4E15-9A9C-C851623DFF73}"
EndProject
Global
	GlobalSection(SolutionConfigurationPlatforms) = preSolution
		Debug|Any CPU = Debug|Any CPU
		Release|Any CPU = Release|Any CPU
	EndGlobalSection
	GlobalSection(ProjectConfigurationPlatforms) = postSolution
		{2BC9989D-8A8A-4E15-9A9C-C851623DFF73}.Debug|Any CPU.ActiveCfg = Debug|Any CPU
		{2BC9989D-8A8A-4E15-9A9C-C851623DFF73}.Debug|Any CPU.Build.0 = Debug|Any CPU
		{2BC9989D-8A8A-4E15-9A9C-C851623DFF73}.Release|Any CPU.ActiveCfg = Release|Any CPU
		{2BC9989D-8A8A-4E15-9A9C-C851623DFF73}.Release|Any CPU.Build.0 = Release|Any CPU
	EndGlobalSection
	GlobalSection(SolutionProperties) = preSolution
		HideSolutionNode = FALSE
	EndGlobalSection
	GlobalSection(ExtensibilityGlobals) = postSolution
		SolutionGuid = {CFE1B684-BAB2-478C-AD04-5C4DCD26F365}
	EndGlobalSection
EndGlobal
